Microsoft Visual Studio Solution File, Format Version 12.00
# Visual Studio Version 17
VisualStudioVersion = 17.5.2.0
MinimumVisualStudioVersion = 10.0.40219.1
Project("{FAE04EC0-301F-11D3-BF4B-00C04F79EFBC}") = "ArcheoBeat", "ArcheoBeat.csproj", "{8DDF7164-794A-2901-EE94-D05A54CC7EA9}"
EndProject
Global
	GlobalSection(SolutionConfigurationPlatforms) = preSolution
		Debug|Any CPU = Debug|Any CPU
		Release|Any CPU = Release|Any CPU
	EndGlobalSection
	GlobalSection(ProjectConfigurationPlatforms) = postSolution
		{8DDF7164-794A-2901-EE94-D05A54CC7EA9}.Debug|Any CPU.ActiveCfg = Debug|Any CPU
		{8DDF7164-794A-2901-EE94-D05A54CC7EA9}.Debug|Any CPU.Build.0 = Debug|Any CPU
		{8DDF7164-794A-2901-EE94-D05A54CC7EA9}.Release|Any CPU.ActiveCfg = Release|Any CPU
		{8DDF7164-794A-2901-EE94-D05A54CC7EA9}.Release|Any CPU.Build.0 = Release|Any CPU
	EndGlobalSection
	GlobalSection(SolutionProperties) = preSolution
		HideSolutionNode = FALSE
	EndGlobalSection
	GlobalSection(ExtensibilityGlobals) = postSolution
		SolutionGuid = {66C77435-DC2A-43FC-BEDD-FAB8442C252E}
	EndGlobalSection
EndGlobal
